// !$*UTF8*$!
{
	archiveVersion = 1;
	classes = {
	};
	objectVersion = 45;
	objects = {

/* Begin PBXBuildFile section */
		B6272A9311D5AC440073C73A /* apfm.cpp in Sources */ = {isa = PBXBuildFile; fileRef = B6272A8E11D5AC3C0073C73A /* apfm.cpp */; };
		B6272A9411D5AC4C0073C73A /* fuse_pascal.cpp in Sources */ = {isa = PBXBuildFile; fileRef = B6272A8F11D5AC3C0073C73A /* fuse_pascal.cpp */; };
		B6272A9511D5AC530073C73A /* fuse_pascal_ops.cpp in Sources */ = {isa = PBXBuildFile; fileRef = B6272A9011D5AC3C0073C73A /* fuse_pascal_ops.cpp */; };
		B6272A9611D5AC560073C73A /* newfs_pascal.cpp in Sources */ = {isa = PBXBuildFile; fileRef = B6272A9111D5AC3C0073C73A /* newfs_pascal.cpp */; };
		B6272A9711D5AC5B0073C73A /* xattr.cpp in Sources */ = {isa = PBXBuildFile; fileRef = B6272A9211D5AC3C0073C73A /* xattr.cpp */; };
		B6272AAA11D5AE0C0073C73A /* Bitmap.cpp in Sources */ = {isa = PBXBuildFile; fileRef = B6272AA511D5AE0C0073C73A /* Bitmap.cpp */; };
		B6272AAB11D5AE0C0073C73A /* DateTime.cpp in Sources */ = {isa = PBXBuildFile; fileRef = B6272AA711D5AE0C0073C73A /* DateTime.cpp */; };
		B63EFCD211A36C8B00C90DCE /* Endian.cpp in Sources */ = {isa = PBXBuildFile; fileRef = B63EFA7511A0948500C90DCE /* Endian.cpp */; };
		B63EFCD311A36C8B00C90DCE /* BlockDevice.cpp in Sources */ = {isa = PBXBuildFile; fileRef = B63EFA9511A094E000C90DCE /* BlockDevice.cpp */; };
		B63EFCD411A36C8B00C90DCE /* DavexDiskImage.cpp in Sources */ = {isa = PBXBuildFile; fileRef = B63EFA9711A094E000C90DCE /* DavexDiskImage.cpp */; };
		B63EFCD511A36C8B00C90DCE /* DiskCopy42Image.cpp in Sources */ = {isa = PBXBuildFile; fileRef = B63EFA9B11A094E000C90DCE /* DiskCopy42Image.cpp */; };
		B63EFCD611A36C8B00C90DCE /* DiskImage.cpp in Sources */ = {isa = PBXBuildFile; fileRef = B63EFA9D11A094E000C90DCE /* DiskImage.cpp */; };
		B63EFCD711A36C8B00C90DCE /* RawDevice.cpp in Sources */ = {isa = PBXBuildFile; fileRef = B63EFAA111A094E000C90DCE /* RawDevice.cpp */; };
		B63EFCD811A36C8B00C90DCE /* UniversalDiskImage.cpp in Sources */ = {isa = PBXBuildFile; fileRef = B63EFAA411A094E000C90DCE /* UniversalDiskImage.cpp */; };
		B63EFCD911A36C8B00C90DCE /* BlockCache.cpp in Sources */ = {isa = PBXBuildFile; fileRef = B63EFAB611A098C400C90DCE /* BlockCache.cpp */; };
		B63EFCDA11A36C8B00C90DCE /* ConcreteBlockCache.cpp in Sources */ = {isa = PBXBuildFile; fileRef = B63EFAB811A098C400C90DCE /* ConcreteBlockCache.cpp */; };
		B63EFCDB11A36C8B00C90DCE /* MappedBlockCache.cpp in Sources */ = {isa = PBXBuildFile; fileRef = B63EFABA11A098C400C90DCE /* MappedBlockCache.cpp */; };
		B63EFCDC11A36C8B00C90DCE /* File.cpp in Sources */ = {isa = PBXBuildFile; fileRef = B63EFAC911A09DAA00C90DCE /* File.cpp */; };
		B63EFCDD11A36C8B00C90DCE /* MappedFile.cpp in Sources */ = {isa = PBXBuildFile; fileRef = B63EFACB11A09DAA00C90DCE /* MappedFile.cpp */; };
		B63EFCDE11A36C8B00C90DCE /* Exception.cpp in Sources */ = {isa = PBXBuildFile; fileRef = B63EFAD111A09DB500C90DCE /* Exception.cpp */; };
		B63EFCDF11A36C8B00C90DCE /* Lock.cpp in Sources */ = {isa = PBXBuildFile; fileRef = B63EFAD311A09DB500C90DCE /* Lock.cpp */; };
		B63EFCE011A36C8B00C90DCE /* Adaptor.cpp in Sources */ = {isa = PBXBuildFile; fileRef = B63EFB0711A0AC4800C90DCE /* Adaptor.cpp */; };
		B63EFCE111A36C8B00C90DCE /* Date.cpp in Sources */ = {isa = PBXBuildFile; fileRef = B63EFBE811A244EE00C90DCE /* Date.cpp */; };
		B63EFCE211A36C8B00C90DCE /* Entry.cpp in Sources */ = {isa = PBXBuildFile; fileRef = B63EFBEA11A244EE00C90DCE /* Entry.cpp */; };
		B63EFCE311A36C8B00C90DCE /* FileEntry.cpp in Sources */ = {isa = PBXBuildFile; fileRef = B63EFBEC11A244EE00C90DCE /* FileEntry.cpp */; };
		B63EFCE511A36C8B00C90DCE /* VolumeEntry.cpp in Sources */ = {isa = PBXBuildFile; fileRef = B63EFBF111A244EE00C90DCE /* VolumeEntry.cpp */; };
		B63EFE8511A4888500C90DCE /* Endian.cpp in Sources */ = {isa = PBXBuildFile; fileRef = B63EFA7511A0948500C90DCE /* Endian.cpp */; };
		B63EFE8611A4888500C90DCE /* BlockDevice.cpp in Sources */ = {isa = PBXBuildFile; fileRef = B63EFA9511A094E000C90DCE /* BlockDevice.cpp */; };
		B63EFE8711A4888500C90DCE /* DavexDiskImage.cpp in Sources */ = {isa = PBXBuildFile; fileRef = B63EFA9711A094E000C90DCE /* DavexDiskImage.cpp */; };
		B63EFE8811A4888500C90DCE /* DiskCopy42Image.cpp in Sources */ = {isa = PBXBuildFile; fileRef = B63EFA9B11A094E000C90DCE /* DiskCopy42Image.cpp */; };
		B63EFE8911A4888500C90DCE /* DiskImage.cpp in Sources */ = {isa = PBXBuildFile; fileRef = B63EFA9D11A094E000C90DCE /* DiskImage.cpp */; };
		B63EFE8A11A4888500C90DCE /* RawDevice.cpp in Sources */ = {isa = PBXBuildFile; fileRef = B63EFAA111A094E000C90DCE /* RawDevice.cpp */; };
		B63EFE8B11A4888500C90DCE /* UniversalDiskImage.cpp in Sources */ = {isa = PBXBuildFile; fileRef = B63EFAA411A094E000C90DCE /* UniversalDiskImage.cpp */; };
		B63EFE8C11A4888500C90DCE /* BlockCache.cpp in Sources */ = {isa = PBXBuildFile; fileRef = B63EFAB611A098C400C90DCE /* BlockCache.cpp */; };
		B63EFE8D11A4888500C90DCE /* ConcreteBlockCache.cpp in Sources */ = {isa = PBXBuildFile; fileRef = B63EFAB811A098C400C90DCE /* ConcreteBlockCache.cpp */; };
		B63EFE8E11A4888500C90DCE /* MappedBlockCache.cpp in Sources */ = {isa = PBXBuildFile; fileRef = B63EFABA11A098C400C90DCE /* MappedBlockCache.cpp */; };
		B63EFE8F11A4888500C90DCE /* File.cpp in Sources */ = {isa = PBXBuildFile; fileRef = B63EFAC911A09DAA00C90DCE /* File.cpp */; };
		B63EFE9011A4888500C90DCE /* MappedFile.cpp in Sources */ = {isa = PBXBuildFile; fileRef = B63EFACB11A09DAA00C90DCE /* MappedFile.cpp */; };
		B63EFE9111A4888500C90DCE /* Exception.cpp in Sources */ = {isa = PBXBuildFile; fileRef = B63EFAD111A09DB500C90DCE /* Exception.cpp */; };
		B63EFE9211A4888500C90DCE /* Lock.cpp in Sources */ = {isa = PBXBuildFile; fileRef = B63EFAD311A09DB500C90DCE /* Lock.cpp */; };
		B63EFE9311A4888500C90DCE /* Adaptor.cpp in Sources */ = {isa = PBXBuildFile; fileRef = B63EFB0711A0AC4800C90DCE /* Adaptor.cpp */; };
		B63EFE9411A4888500C90DCE /* Date.cpp in Sources */ = {isa = PBXBuildFile; fileRef = B63EFBE811A244EE00C90DCE /* Date.cpp */; };
		B63EFE9511A4888500C90DCE /* Entry.cpp in Sources */ = {isa = PBXBuildFile; fileRef = B63EFBEA11A244EE00C90DCE /* Entry.cpp */; };
		B63EFE9611A4888500C90DCE /* FileEntry.cpp in Sources */ = {isa = PBXBuildFile; fileRef = B63EFBEC11A244EE00C90DCE /* FileEntry.cpp */; };
		B63EFE9711A4888500C90DCE /* VolumeEntry.cpp in Sources */ = {isa = PBXBuildFile; fileRef = B63EFBF111A244EE00C90DCE /* VolumeEntry.cpp */; };
		B656AE0811A84F6C00AB578A /* libfuse_ino64.dylib in Frameworks */ = {isa = PBXBuildFile; fileRef = B656ADEB11A84D2800AB578A /* libfuse_ino64.dylib */; };
		B656AE0911A84F7700AB578A /* Endian.cpp in Sources */ = {isa = PBXBuildFile; fileRef = B63EFA7511A0948500C90DCE /* Endian.cpp */; };
		B656AE0A11A84F7700AB578A /* BlockDevice.cpp in Sources */ = {isa = PBXBuildFile; fileRef = B63EFA9511A094E000C90DCE /* BlockDevice.cpp */; };
		B656AE0B11A84F7700AB578A /* DavexDiskImage.cpp in Sources */ = {isa = PBXBuildFile; fileRef = B63EFA9711A094E000C90DCE /* DavexDiskImage.cpp */; };
		B656AE0C11A84F7700AB578A /* DiskCopy42Image.cpp in Sources */ = {isa = PBXBuildFile; fileRef = B63EFA9B11A094E000C90DCE /* DiskCopy42Image.cpp */; };
		B656AE0D11A84F7700AB578A /* DiskImage.cpp in Sources */ = {isa = PBXBuildFile; fileRef = B63EFA9D11A094E000C90DCE /* DiskImage.cpp */; };
		B656AE0E11A84F7700AB578A /* RawDevice.cpp in Sources */ = {isa = PBXBuildFile; fileRef = B63EFAA111A094E000C90DCE /* RawDevice.cpp */; };
		B656AE0F11A84F7700AB578A /* UniversalDiskImage.cpp in Sources */ = {isa = PBXBuildFile; fileRef = B63EFAA411A094E000C90DCE /* UniversalDiskImage.cpp */; };
		B656AE1011A84F7700AB578A /* BlockCache.cpp in Sources */ = {isa = PBXBuildFile; fileRef = B63EFAB611A098C400C90DCE /* BlockCache.cpp */; };
		B656AE1111A84F7700AB578A /* ConcreteBlockCache.cpp in Sources */ = {isa = PBXBuildFile; fileRef = B63EFAB811A098C400C90DCE /* ConcreteBlockCache.cpp */; };
		B656AE1211A84F7700AB578A /* MappedBlockCache.cpp in Sources */ = {isa = PBXBuildFile; fileRef = B63EFABA11A098C400C90DCE /* MappedBlockCache.cpp */; };
		B656AE1311A84F7700AB578A /* File.cpp in Sources */ = {isa = PBXBuildFile; fileRef = B63EFAC911A09DAA00C90DCE /* File.cpp */; };
		B656AE1411A84F7700AB578A /* MappedFile.cpp in Sources */ = {isa = PBXBuildFile; fileRef = B63EFACB11A09DAA00C90DCE /* MappedFile.cpp */; };
		B656AE1511A84F7700AB578A /* Exception.cpp in Sources */ = {isa = PBXBuildFile; fileRef = B63EFAD111A09DB500C90DCE /* Exception.cpp */; };
		B656AE1611A84F7700AB578A /* Lock.cpp in Sources */ = {isa = PBXBuildFile; fileRef = B63EFAD311A09DB500C90DCE /* Lock.cpp */; };
		B656AE1711A84F7700AB578A /* Adaptor.cpp in Sources */ = {isa = PBXBuildFile; fileRef = B63EFB0711A0AC4800C90DCE /* Adaptor.cpp */; };
		B656AE1811A84F7700AB578A /* Date.cpp in Sources */ = {isa = PBXBuildFile; fileRef = B63EFBE811A244EE00C90DCE /* Date.cpp */; };
		B656AE1911A84F7700AB578A /* Entry.cpp in Sources */ = {isa = PBXBuildFile; fileRef = B63EFBEA11A244EE00C90DCE /* Entry.cpp */; };
		B656AE1A11A84F7700AB578A /* FileEntry.cpp in Sources */ = {isa = PBXBuildFile; fileRef = B63EFBEC11A244EE00C90DCE /* FileEntry.cpp */; };
		B656AE1B11A84F7700AB578A /* VolumeEntry.cpp in Sources */ = {isa = PBXBuildFile; fileRef = B63EFBF111A244EE00C90DCE /* VolumeEntry.cpp */; };
		B656AF0811AA106400AB578A /* NibbleTest.cpp in Sources */ = {isa = PBXBuildFile; fileRef = B656AEFE11AA0F8C00AB578A /* NibbleTest.cpp */; };
		B656AF0911AA106C00AB578A /* Endian.cpp in Sources */ = {isa = PBXBuildFile; fileRef = B63EFA7511A0948500C90DCE /* Endian.cpp */; };
		B656AF0A11AA106C00AB578A /* BlockDevice.cpp in Sources */ = {isa = PBXBuildFile; fileRef = B63EFA9511A094E000C90DCE /* BlockDevice.cpp */; };
		B656AF0B11AA106C00AB578A /* DavexDiskImage.cpp in Sources */ = {isa = PBXBuildFile; fileRef = B63EFA9711A094E000C90DCE /* DavexDiskImage.cpp */; };
		B656AF0C11AA106C00AB578A /* DiskCopy42Image.cpp in Sources */ = {isa = PBXBuildFile; fileRef = B63EFA9B11A094E000C90DCE /* DiskCopy42Image.cpp */; };
		B656AF0D11AA106C00AB578A /* DiskImage.cpp in Sources */ = {isa = PBXBuildFile; fileRef = B63EFA9D11A094E000C90DCE /* DiskImage.cpp */; };
		B656AF0E11AA106C00AB578A /* RawDevice.cpp in Sources */ = {isa = PBXBuildFile; fileRef = B63EFAA111A094E000C90DCE /* RawDevice.cpp */; };
		B656AF0F11AA106C00AB578A /* UniversalDiskImage.cpp in Sources */ = {isa = PBXBuildFile; fileRef = B63EFAA411A094E000C90DCE /* UniversalDiskImage.cpp */; };
		B656AF1011AA106C00AB578A /* BlockCache.cpp in Sources */ = {isa = PBXBuildFile; fileRef = B63EFAB611A098C400C90DCE /* BlockCache.cpp */; };
		B656AF1111AA106C00AB578A /* ConcreteBlockCache.cpp in Sources */ = {isa = PBXBuildFile; fileRef = B63EFAB811A098C400C90DCE /* ConcreteBlockCache.cpp */; };
		B656AF1211AA106C00AB578A /* MappedBlockCache.cpp in Sources */ = {isa = PBXBuildFile; fileRef = B63EFABA11A098C400C90DCE /* MappedBlockCache.cpp */; };
		B656AF1311AA106C00AB578A /* File.cpp in Sources */ = {isa = PBXBuildFile; fileRef = B63EFAC911A09DAA00C90DCE /* File.cpp */; };
		B656AF1411AA106C00AB578A /* MappedFile.cpp in Sources */ = {isa = PBXBuildFile; fileRef = B63EFACB11A09DAA00C90DCE /* MappedFile.cpp */; };
		B656AF1511AA106C00AB578A /* Exception.cpp in Sources */ = {isa = PBXBuildFile; fileRef = B63EFAD111A09DB500C90DCE /* Exception.cpp */; };
		B656AF1611AA106C00AB578A /* Lock.cpp in Sources */ = {isa = PBXBuildFile; fileRef = B63EFAD311A09DB500C90DCE /* Lock.cpp */; };
		B656AF1711AA106C00AB578A /* Adaptor.cpp in Sources */ = {isa = PBXBuildFile; fileRef = B63EFB0711A0AC4800C90DCE /* Adaptor.cpp */; };
		B656AF1811AA106C00AB578A /* Date.cpp in Sources */ = {isa = PBXBuildFile; fileRef = B63EFBE811A244EE00C90DCE /* Date.cpp */; };
		B656AF1911AA106C00AB578A /* Entry.cpp in Sources */ = {isa = PBXBuildFile; fileRef = B63EFBEA11A244EE00C90DCE /* Entry.cpp */; };
		B656AF1A11AA106C00AB578A /* FileEntry.cpp in Sources */ = {isa = PBXBuildFile; fileRef = B63EFBEC11A244EE00C90DCE /* FileEntry.cpp */; };
		B656AF1B11AA106C00AB578A /* VolumeEntry.cpp in Sources */ = {isa = PBXBuildFile; fileRef = B63EFBF111A244EE00C90DCE /* VolumeEntry.cpp */; };
		B6F3676511B323680045E114 /* TextWriter.cpp in Sources */ = {isa = PBXBuildFile; fileRef = B6F3676411B323680045E114 /* TextWriter.cpp */; };
		B6F3676611B323680045E114 /* TextWriter.cpp in Sources */ = {isa = PBXBuildFile; fileRef = B6F3676411B323680045E114 /* TextWriter.cpp */; };
		B6F3676711B323680045E114 /* TextWriter.cpp in Sources */ = {isa = PBXBuildFile; fileRef = B6F3676411B323680045E114 /* TextWriter.cpp */; };
		B6F3676811B323680045E114 /* TextWriter.cpp in Sources */ = {isa = PBXBuildFile; fileRef = B6F3676411B323680045E114 /* TextWriter.cpp */; };
		B6F3682A11B431CC0045E114 /* Endian.cpp in Sources */ = {isa = PBXBuildFile; fileRef = B63EFA7511A0948500C90DCE /* Endian.cpp */; };
		B6F3682B11B431CC0045E114 /* BlockDevice.cpp in Sources */ = {isa = PBXBuildFile; fileRef = B63EFA9511A094E000C90DCE /* BlockDevice.cpp */; };
		B6F3682C11B431CC0045E114 /* DavexDiskImage.cpp in Sources */ = {isa = PBXBuildFile; fileRef = B63EFA9711A094E000C90DCE /* DavexDiskImage.cpp */; };
		B6F3682D11B431CC0045E114 /* DiskCopy42Image.cpp in Sources */ = {isa = PBXBuildFile; fileRef = B63EFA9B11A094E000C90DCE /* DiskCopy42Image.cpp */; };
		B6F3682E11B431CC0045E114 /* DiskImage.cpp in Sources */ = {isa = PBXBuildFile; fileRef = B63EFA9D11A094E000C90DCE /* DiskImage.cpp */; };
		B6F3682F11B431CC0045E114 /* RawDevice.cpp in Sources */ = {isa = PBXBuildFile; fileRef = B63EFAA111A094E000C90DCE /* RawDevice.cpp */; };
		B6F3683011B431CC0045E114 /* UniversalDiskImage.cpp in Sources */ = {isa = PBXBuildFile; fileRef = B63EFAA411A094E000C90DCE /* UniversalDiskImage.cpp */; };
		B6F3683111B431CC0045E114 /* BlockCache.cpp in Sources */ = {isa = PBXBuildFile; fileRef = B63EFAB611A098C400C90DCE /* BlockCache.cpp */; };
		B6F3683211B431CC0045E114 /* ConcreteBlockCache.cpp in Sources */ = {isa = PBXBuildFile; fileRef = B63EFAB811A098C400C90DCE /* ConcreteBlockCache.cpp */; };
		B6F3683311B431CC0045E114 /* MappedBlockCache.cpp in Sources */ = {isa = PBXBuildFile; fileRef = B63EFABA11A098C400C90DCE /* MappedBlockCache.cpp */; };
		B6F3683411B431CC0045E114 /* File.cpp in Sources */ = {isa = PBXBuildFile; fileRef = B63EFAC911A09DAA00C90DCE /* File.cpp */; };
		B6F3683511B431CC0045E114 /* MappedFile.cpp in Sources */ = {isa = PBXBuildFile; fileRef = B63EFACB11A09DAA00C90DCE /* MappedFile.cpp */; };
		B6F3683611B431CC0045E114 /* Exception.cpp in Sources */ = {isa = PBXBuildFile; fileRef = B63EFAD111A09DB500C90DCE /* Exception.cpp */; };
		B6F3683711B431CC0045E114 /* Lock.cpp in Sources */ = {isa = PBXBuildFile; fileRef = B63EFAD311A09DB500C90DCE /* Lock.cpp */; };
		B6F3683811B431CC0045E114 /* Adaptor.cpp in Sources */ = {isa = PBXBuildFile; fileRef = B63EFB0711A0AC4800C90DCE /* Adaptor.cpp */; };
/* End PBXBuildFile section */

/* Begin PBXFileReference section */
		B6272A8E11D5AC3C0073C73A /* apfm.cpp */ = {isa = PBXFileReference; fileEncoding = 4; lastKnownFileType = sourcecode.cpp.cpp; path = apfm.cpp; sourceTree = "<group>"; };
		B6272A8F11D5AC3C0073C73A /* fuse_pascal.cpp */ = {isa = PBXFileReference; fileEncoding = 4; lastKnownFileType = sourcecode.cpp.cpp; path = fuse_pascal.cpp; sourceTree = "<group>"; };
		B6272A9011D5AC3C0073C73A /* fuse_pascal_ops.cpp */ = {isa = PBXFileReference; fileEncoding = 4; lastKnownFileType = sourcecode.cpp.cpp; path = fuse_pascal_ops.cpp; sourceTree = "<group>"; };
		B6272A9111D5AC3C0073C73A /* newfs_pascal.cpp */ = {isa = PBXFileReference; fileEncoding = 4; lastKnownFileType = sourcecode.cpp.cpp; path = newfs_pascal.cpp; sourceTree = "<group>"; };
		B6272A9211D5AC3C0073C73A /* xattr.cpp */ = {isa = PBXFileReference; fileEncoding = 4; lastKnownFileType = sourcecode.cpp.cpp; path = xattr.cpp; sourceTree = "<group>"; };
		B6272AA211D5AC840073C73A /* newfs_prodos.cpp */ = {isa = PBXFileReference; fileEncoding = 4; lastKnownFileType = sourcecode.cpp.cpp; path = newfs_prodos.cpp; sourceTree = "<group>"; };
		B6272AA511D5AE0C0073C73A /* Bitmap.cpp */ = {isa = PBXFileReference; fileEncoding = 4; lastKnownFileType = sourcecode.cpp.cpp; path = Bitmap.cpp; sourceTree = "<group>"; };
		B6272AA611D5AE0C0073C73A /* Bitmap.h */ = {isa = PBXFileReference; fileEncoding = 4; lastKnownFileType = sourcecode.c.h; path = Bitmap.h; sourceTree = "<group>"; };
		B6272AA711D5AE0C0073C73A /* DateTime.cpp */ = {isa = PBXFileReference; fileEncoding = 4; lastKnownFileType = sourcecode.cpp.cpp; path = DateTime.cpp; sourceTree = "<group>"; };
		B6272AA811D5AE0C0073C73A /* DateTime.h */ = {isa = PBXFileReference; fileEncoding = 4; lastKnownFileType = sourcecode.c.h; path = DateTime.h; sourceTree = "<group>"; };
		B63EFA7511A0948500C90DCE /* Endian.cpp */ = {isa = PBXFileReference; fileEncoding = 4; lastKnownFileType = sourcecode.cpp.cpp; path = Endian.cpp; sourceTree = "<group>"; };
		B63EFA7611A0948500C90DCE /* Endian.h */ = {isa = PBXFileReference; fileEncoding = 4; lastKnownFileType = sourcecode.c.h; path = Endian.h; sourceTree = "<group>"; };
		B63EFA7711A0948500C90DCE /* IOBuffer.h */ = {isa = PBXFileReference; fileEncoding = 4; lastKnownFileType = sourcecode.c.h; path = IOBuffer.h; sourceTree = "<group>"; };
		B63EFA9511A094E000C90DCE /* BlockDevice.cpp */ = {isa = PBXFileReference; fileEncoding = 4; lastKnownFileType = sourcecode.cpp.cpp; path = BlockDevice.cpp; sourceTree = "<group>"; };
		B63EFA9611A094E000C90DCE /* BlockDevice.h */ = {isa = PBXFileReference; fileEncoding = 4; lastKnownFileType = sourcecode.c.h; path = BlockDevice.h; sourceTree = "<group>"; };
		B63EFA9711A094E000C90DCE /* DavexDiskImage.cpp */ = {isa = PBXFileReference; fileEncoding = 4; lastKnownFileType = sourcecode.cpp.cpp; path = DavexDiskImage.cpp; sourceTree = "<group>"; };
		B63EFA9811A094E000C90DCE /* DavexDiskImage.h */ = {isa = PBXFileReference; fileEncoding = 4; lastKnownFileType = sourcecode.c.h; path = DavexDiskImage.h; sourceTree = "<group>"; };
		B63EFA9B11A094E000C90DCE /* DiskCopy42Image.cpp */ = {isa = PBXFileReference; fileEncoding = 4; lastKnownFileType = sourcecode.cpp.cpp; path = DiskCopy42Image.cpp; sourceTree = "<group>"; };
		B63EFA9C11A094E000C90DCE /* DiskCopy42Image.h */ = {isa = PBXFileReference; fileEncoding = 4; lastKnownFileType = sourcecode.c.h; path = DiskCopy42Image.h; sourceTree = "<group>"; };
		B63EFA9D11A094E000C90DCE /* DiskImage.cpp */ = {isa = PBXFileReference; fileEncoding = 4; lastKnownFileType = sourcecode.cpp.cpp; path = DiskImage.cpp; sourceTree = "<group>"; };
		B63EFA9E11A094E000C90DCE /* DiskImage.h */ = {isa = PBXFileReference; fileEncoding = 4; lastKnownFileType = sourcecode.c.h; path = DiskImage.h; sourceTree = "<group>"; };
		B63EFAA111A094E000C90DCE /* RawDevice.cpp */ = {isa = PBXFileReference; fileEncoding = 4; lastKnownFileType = sourcecode.cpp.cpp; path = RawDevice.cpp; sourceTree = "<group>"; };
		B63EFAA211A094E000C90DCE /* RawDevice.h */ = {isa = PBXFileReference; fileEncoding = 4; lastKnownFileType = sourcecode.c.h; path = RawDevice.h; sourceTree = "<group>"; };
		B63EFAA311A094E000C90DCE /* TrackSector.h */ = {isa = PBXFileReference; fileEncoding = 4; lastKnownFileType = sourcecode.c.h; path = TrackSector.h; sourceTree = "<group>"; };
		B63EFAA411A094E000C90DCE /* UniversalDiskImage.cpp */ = {isa = PBXFileReference; fileEncoding = 4; lastKnownFileType = sourcecode.cpp.cpp; path = UniversalDiskImage.cpp; sourceTree = "<group>"; };
		B63EFAA511A094E000C90DCE /* UniversalDiskImage.h */ = {isa = PBXFileReference; fileEncoding = 4; lastKnownFileType = sourcecode.c.h; path = UniversalDiskImage.h; sourceTree = "<group>"; };
		B63EFAB611A098C400C90DCE /* BlockCache.cpp */ = {isa = PBXFileReference; fileEncoding = 4; lastKnownFileType = sourcecode.cpp.cpp; path = BlockCache.cpp; sourceTree = "<group>"; };
		B63EFAB711A098C400C90DCE /* BlockCache.h */ = {isa = PBXFileReference; fileEncoding = 4; lastKnownFileType = sourcecode.c.h; path = BlockCache.h; sourceTree = "<group>"; };
		B63EFAB811A098C400C90DCE /* ConcreteBlockCache.cpp */ = {isa = PBXFileReference; fileEncoding = 4; lastKnownFileType = sourcecode.cpp.cpp; path = ConcreteBlockCache.cpp; sourceTree = "<group>"; };
		B63EFAB911A098C400C90DCE /* ConcreteBlockCache.h */ = {isa = PBXFileReference; fileEncoding = 4; lastKnownFileType = sourcecode.c.h; path = ConcreteBlockCache.h; sourceTree = "<group>"; };
		B63EFABA11A098C400C90DCE /* MappedBlockCache.cpp */ = {isa = PBXFileReference; fileEncoding = 4; lastKnownFileType = sourcecode.cpp.cpp; path = MappedBlockCache.cpp; sourceTree = "<group>"; };
		B63EFABB11A098C400C90DCE /* MappedBlockCache.h */ = {isa = PBXFileReference; fileEncoding = 4; lastKnownFileType = sourcecode.c.h; path = MappedBlockCache.h; sourceTree = "<group>"; };
		B63EFAC911A09DAA00C90DCE /* File.cpp */ = {isa = PBXFileReference; fileEncoding = 4; lastKnownFileType = sourcecode.cpp.cpp; path = File.cpp; sourceTree = "<group>"; };
		B63EFACA11A09DAA00C90DCE /* File.h */ = {isa = PBXFileReference; fileEncoding = 4; lastKnownFileType = sourcecode.c.h; path = File.h; sourceTree = "<group>"; };
		B63EFACB11A09DAA00C90DCE /* MappedFile.cpp */ = {isa = PBXFileReference; fileEncoding = 4; lastKnownFileType = sourcecode.cpp.cpp; path = MappedFile.cpp; sourceTree = "<group>"; };
		B63EFACC11A09DAA00C90DCE /* MappedFile.h */ = {isa = PBXFileReference; fileEncoding = 4; lastKnownFileType = sourcecode.c.h; path = MappedFile.h; sourceTree = "<group>"; };
		B63EFAD011A09DB500C90DCE /* auto.h */ = {isa = PBXFileReference; fileEncoding = 4; lastKnownFileType = sourcecode.c.h; path = auto.h; sourceTree = "<group>"; };
		B63EFAD111A09DB500C90DCE /* Exception.cpp */ = {isa = PBXFileReference; fileEncoding = 4; lastKnownFileType = sourcecode.cpp.cpp; path = Exception.cpp; sourceTree = "<group>"; };
		B63EFAD211A09DB500C90DCE /* Exception.h */ = {isa = PBXFileReference; fileEncoding = 4; lastKnownFileType = sourcecode.c.h; path = Exception.h; sourceTree = "<group>"; };
		B63EFAD311A09DB500C90DCE /* Lock.cpp */ = {isa = PBXFileReference; fileEncoding = 4; lastKnownFileType = sourcecode.cpp.cpp; path = Lock.cpp; sourceTree = "<group>"; };
		B63EFAD411A09DB500C90DCE /* Lock.h */ = {isa = PBXFileReference; fileEncoding = 4; lastKnownFileType = sourcecode.c.h; path = Lock.h; sourceTree = "<group>"; };
		B63EFB0611A0AC4800C90DCE /* Adaptor.h */ = {isa = PBXFileReference; fileEncoding = 4; lastKnownFileType = sourcecode.c.h; path = Adaptor.h; sourceTree = "<group>"; };
		B63EFB0711A0AC4800C90DCE /* Adaptor.cpp */ = {isa = PBXFileReference; fileEncoding = 4; lastKnownFileType = sourcecode.cpp.cpp; path = Adaptor.cpp; sourceTree = "<group>"; };
		B63EFBE811A244EE00C90DCE /* Date.cpp */ = {isa = PBXFileReference; fileEncoding = 4; lastKnownFileType = sourcecode.cpp.cpp; path = Date.cpp; sourceTree = "<group>"; };
		B63EFBE911A244EE00C90DCE /* Date.h */ = {isa = PBXFileReference; fileEncoding = 4; lastKnownFileType = sourcecode.c.h; path = Date.h; sourceTree = "<group>"; };
		B63EFBEA11A244EE00C90DCE /* Entry.cpp */ = {isa = PBXFileReference; fileEncoding = 4; lastKnownFileType = sourcecode.cpp.cpp; path = Entry.cpp; sourceTree = "<group>"; };
		B63EFBEC11A244EE00C90DCE /* FileEntry.cpp */ = {isa = PBXFileReference; fileEncoding = 4; lastKnownFileType = sourcecode.cpp.cpp; path = FileEntry.cpp; sourceTree = "<group>"; };
		B63EFBF111A244EE00C90DCE /* VolumeEntry.cpp */ = {isa = PBXFileReference; explicitFileType = sourcecode.cpp.cpp; fileEncoding = 4; path = VolumeEntry.cpp; sourceTree = "<group>"; };
		B63EFC4311A31B7200C90DCE /* IOBuffer.cpp.h */ = {isa = PBXFileReference; fileEncoding = 4; lastKnownFileType = sourcecode.c.h; path = IOBuffer.cpp.h; sourceTree = "<group>"; };
		B63EFCCE11A36C7300C90DCE /* apfpm */ = {isa = PBXFileReference; explicitFileType = "compiled.mach-o.executable"; includeInIndex = 0; path = apfpm; sourceTree = BUILT_PRODUCTS_DIR; };
		B63EFE8111A4886C00C90DCE /* newfs_pascal */ = {isa = PBXFileReference; explicitFileType = "compiled.mach-o.executable"; includeInIndex = 0; path = newfs_pascal; sourceTree = BUILT_PRODUCTS_DIR; };
		B656ADEB11A84D2800AB578A /* libfuse_ino64.dylib */ = {isa = PBXFileReference; lastKnownFileType = "compiled.mach-o.dylib"; name = libfuse_ino64.dylib; path = /usr/local/lib/libfuse_ino64.dylib; sourceTree = "<absolute>"; };
		B656AE0311A84F5800AB578A /* fuse_pascal */ = {isa = PBXFileReference; explicitFileType = "compiled.mach-o.executable"; includeInIndex = 0; path = fuse_pascal; sourceTree = BUILT_PRODUCTS_DIR; };
		B656AEFE11AA0F8C00AB578A /* NibbleTest.cpp */ = {isa = PBXFileReference; fileEncoding = 4; lastKnownFileType = sourcecode.cpp.cpp; path = NibbleTest.cpp; sourceTree = "<group>"; };
		B656AF0311AA105500AB578A /* NibbleTest */ = {isa = PBXFileReference; explicitFileType = "compiled.mach-o.executable"; includeInIndex = 0; path = NibbleTest; sourceTree = BUILT_PRODUCTS_DIR; };
		B6F3648011AB36260045E114 /* xattr */ = {isa = PBXFileReference; explicitFileType = "compiled.mach-o.executable"; includeInIndex = 0; path = xattr; sourceTree = BUILT_PRODUCTS_DIR; };
		B6F3651A11ADD0280045E114 /* VolumeEntry.h */ = {isa = PBXFileReference; fileEncoding = 4; lastKnownFileType = sourcecode.c.h; path = VolumeEntry.h; sourceTree = "<group>"; };
		B6F3651B11ADD0280045E114 /* FileEntry.h */ = {isa = PBXFileReference; fileEncoding = 4; lastKnownFileType = sourcecode.c.h; path = FileEntry.h; sourceTree = "<group>"; };
		B6F3651C11ADD0280045E114 /* Entry.h */ = {isa = PBXFileReference; fileEncoding = 4; lastKnownFileType = sourcecode.c.h; path = Entry.h; sourceTree = "<group>"; };
		B6F3652711ADD52B0045E114 /* Pascal.h */ = {isa = PBXFileReference; fileEncoding = 4; lastKnownFileType = sourcecode.c.h; path = Pascal.h; sourceTree = "<group>"; };
		B6F3676311B323680045E114 /* TextWriter.h */ = {isa = PBXFileReference; fileEncoding = 4; lastKnownFileType = sourcecode.c.h; path = TextWriter.h; sourceTree = "<group>"; };
		B6F3676411B323680045E114 /* TextWriter.cpp */ = {isa = PBXFileReference; fileEncoding = 4; lastKnownFileType = sourcecode.cpp.cpp; path = TextWriter.cpp; sourceTree = "<group>"; };
		B6F3682511B431AC0045E114 /* newfs_prodos */ = {isa = PBXFileReference; explicitFileType = "compiled.mach-o.executable"; includeInIndex = 0; path = newfs_prodos; sourceTree = BUILT_PRODUCTS_DIR; };
/* End PBXFileReference section */

/* Begin PBXFrameworksBuildPhase section */
		B63EFCCC11A36C7300C90DCE /* Frameworks */ = {
			isa = PBXFrameworksBuildPhase;
			buildActionMask = 2147483647;
			files = (
			);
			runOnlyForDeploymentPostprocessing = 0;
		};
		B63EFE7F11A4886C00C90DCE /* Frameworks */ = {
			isa = PBXFrameworksBuildPhase;
			buildActionMask = 2147483647;
			files = (
			);
			runOnlyForDeploymentPostprocessing = 0;
		};
		B656AE0111A84F5800AB578A /* Frameworks */ = {
			isa = PBXFrameworksBuildPhase;
			buildActionMask = 2147483647;
			files = (
				B656AE0811A84F6C00AB578A /* libfuse_ino64.dylib in Frameworks */,
			);
			runOnlyForDeploymentPostprocessing = 0;
		};
		B656AF0111AA105500AB578A /* Frameworks */ = {
			isa = PBXFrameworksBuildPhase;
			buildActionMask = 2147483647;
			files = (
			);
			runOnlyForDeploymentPostprocessing = 0;
		};
		B6F3647E11AB36260045E114 /* Frameworks */ = {
			isa = PBXFrameworksBuildPhase;
			buildActionMask = 2147483647;
			files = (
			);
			runOnlyForDeploymentPostprocessing = 0;
		};
		B6F3682311B431AC0045E114 /* Frameworks */ = {
			isa = PBXFrameworksBuildPhase;
			buildActionMask = 2147483647;
			files = (
			);
			runOnlyForDeploymentPostprocessing = 0;
		};
/* End PBXFrameworksBuildPhase section */

/* Begin PBXGroup section */
		08FB7794FE84155DC02AAC07 /* PROFuseX */ = {
			isa = PBXGroup;
			children = (
				B6272A8D11D5AC3C0073C73A /* bin */,
				B656AEFE11AA0F8C00AB578A /* NibbleTest.cpp */,
				B6272AA411D5AE0C0073C73A /* ProDOS */,
				B63EFBE711A244EE00C90DCE /* Pascal */,
				B63EFACF11A09DB500C90DCE /* ProFUSE */,
				B63EFAC811A09DAA00C90DCE /* File */,
				B63EFAB511A098C400C90DCE /* Cache */,
				B63EFA9411A094E000C90DCE /* Device */,
				B63EFA7411A0948500C90DCE /* Endian */,
				1AB674ADFE9D54B511CA2CBB /* Products */,
				B656ADED11A84D3200AB578A /* Libraries */,
			);
			name = PROFuseX;
			sourceTree = "<group>";
		};
		1AB674ADFE9D54B511CA2CBB /* Products */ = {
			isa = PBXGroup;
			children = (
				B63EFCCE11A36C7300C90DCE /* apfpm */,
				B63EFE8111A4886C00C90DCE /* newfs_pascal */,
				B656AE0311A84F5800AB578A /* fuse_pascal */,
				B656AF0311AA105500AB578A /* NibbleTest */,
				B6F3648011AB36260045E114 /* xattr */,
				B6F3682511B431AC0045E114 /* newfs_prodos */,
			);
			name = Products;
			sourceTree = "<group>";
		};
		B6272A8D11D5AC3C0073C73A /* bin */ = {
			isa = PBXGroup;
			children = (
				B6272A8E11D5AC3C0073C73A /* apfm.cpp */,
				B6272A8F11D5AC3C0073C73A /* fuse_pascal.cpp */,
				B6272A9011D5AC3C0073C73A /* fuse_pascal_ops.cpp */,
				B6272A9111D5AC3C0073C73A /* newfs_pascal.cpp */,
				B6272AA211D5AC840073C73A /* newfs_prodos.cpp */,
				B6272A9211D5AC3C0073C73A /* xattr.cpp */,
			);
			path = bin;
			sourceTree = "<group>";
		};
		B6272AA411D5AE0C0073C73A /* ProDOS */ = {
			isa = PBXGroup;
			children = (
				B6272AA511D5AE0C0073C73A /* Bitmap.cpp */,
				B6272AA611D5AE0C0073C73A /* Bitmap.h */,
				B6272AA711D5AE0C0073C73A /* DateTime.cpp */,
				B6272AA811D5AE0C0073C73A /* DateTime.h */,
			);
			path = ProDOS;
			sourceTree = "<group>";
		};
		B63EFA7411A0948500C90DCE /* Endian */ = {
			isa = PBXGroup;
			children = (
				B63EFA7511A0948500C90DCE /* Endian.cpp */,
				B63EFA7611A0948500C90DCE /* Endian.h */,
				B63EFA7711A0948500C90DCE /* IOBuffer.h */,
				B63EFC4311A31B7200C90DCE /* IOBuffer.cpp.h */,
			);
			path = Endian;
			sourceTree = "<group>";
		};
		B63EFA9411A094E000C90DCE /* Device */ = {
			isa = PBXGroup;
			children = (
				B63EFA9511A094E000C90DCE /* BlockDevice.cpp */,
				B63EFA9611A094E000C90DCE /* BlockDevice.h */,
				B63EFA9711A094E000C90DCE /* DavexDiskImage.cpp */,
				B63EFA9811A094E000C90DCE /* DavexDiskImage.h */,
				B63EFA9B11A094E000C90DCE /* DiskCopy42Image.cpp */,
				B63EFA9C11A094E000C90DCE /* DiskCopy42Image.h */,
				B63EFA9D11A094E000C90DCE /* DiskImage.cpp */,
				B63EFA9E11A094E000C90DCE /* DiskImage.h */,
				B63EFAA111A094E000C90DCE /* RawDevice.cpp */,
				B63EFAA211A094E000C90DCE /* RawDevice.h */,
				B63EFAA311A094E000C90DCE /* TrackSector.h */,
				B63EFAA411A094E000C90DCE /* UniversalDiskImage.cpp */,
				B63EFAA511A094E000C90DCE /* UniversalDiskImage.h */,
				B63EFB0611A0AC4800C90DCE /* Adaptor.h */,
				B63EFB0711A0AC4800C90DCE /* Adaptor.cpp */,
			);
			path = Device;
			sourceTree = "<group>";
		};
		B63EFAB511A098C400C90DCE /* Cache */ = {
			isa = PBXGroup;
			children = (
				B63EFAB611A098C400C90DCE /* BlockCache.cpp */,
				B63EFAB711A098C400C90DCE /* BlockCache.h */,
				B63EFAB811A098C400C90DCE /* ConcreteBlockCache.cpp */,
				B63EFAB911A098C400C90DCE /* ConcreteBlockCache.h */,
				B63EFABA11A098C400C90DCE /* MappedBlockCache.cpp */,
				B63EFABB11A098C400C90DCE /* MappedBlockCache.h */,
			);
			path = Cache;
			sourceTree = "<group>";
		};
		B63EFAC811A09DAA00C90DCE /* File */ = {
			isa = PBXGroup;
			children = (
				B63EFAC911A09DAA00C90DCE /* File.cpp */,
				B63EFACA11A09DAA00C90DCE /* File.h */,
				B63EFACB11A09DAA00C90DCE /* MappedFile.cpp */,
				B63EFACC11A09DAA00C90DCE /* MappedFile.h */,
			);
			path = File;
			sourceTree = "<group>";
		};
		B63EFACF11A09DB500C90DCE /* ProFUSE */ = {
			isa = PBXGroup;
			children = (
				B63EFAD011A09DB500C90DCE /* auto.h */,
				B63EFAD111A09DB500C90DCE /* Exception.cpp */,
				B63EFAD211A09DB500C90DCE /* Exception.h */,
				B63EFAD311A09DB500C90DCE /* Lock.cpp */,
				B63EFAD411A09DB500C90DCE /* Lock.h */,
			);
			path = ProFUSE;
			sourceTree = "<group>";
		};
		B63EFBE711A244EE00C90DCE /* Pascal */ = {
			isa = PBXGroup;
			children = (
				B6F3652711ADD52B0045E114 /* Pascal.h */,
				B63EFBE811A244EE00C90DCE /* Date.cpp */,
				B63EFBE911A244EE00C90DCE /* Date.h */,
				B63EFBEA11A244EE00C90DCE /* Entry.cpp */,
				B63EFBEC11A244EE00C90DCE /* FileEntry.cpp */,
				B63EFBF111A244EE00C90DCE /* VolumeEntry.cpp */,
				B6F3651A11ADD0280045E114 /* VolumeEntry.h */,
				B6F3651B11ADD0280045E114 /* FileEntry.h */,
				B6F3651C11ADD0280045E114 /* Entry.h */,
				B6F3676311B323680045E114 /* TextWriter.h */,
				B6F3676411B323680045E114 /* TextWriter.cpp */,
			);
			path = Pascal;
			sourceTree = "<group>";
		};
		B656ADED11A84D3200AB578A /* Libraries */ = {
			isa = PBXGroup;
			children = (
				B656ADEB11A84D2800AB578A /* libfuse_ino64.dylib */,
			);
			name = Libraries;
			sourceTree = "<group>";
		};
/* End PBXGroup section */

/* Begin PBXNativeTarget section */
		B63EFCCD11A36C7300C90DCE /* apfm */ = {
			isa = PBXNativeTarget;
			buildConfigurationList = B63EFCEC11A36CB800C90DCE /* Build configuration list for PBXNativeTarget "apfm" */;
			buildPhases = (
				B63EFCCB11A36C7300C90DCE /* Sources */,
				B63EFCCC11A36C7300C90DCE /* Frameworks */,
			);
			buildRules = (
			);
			dependencies = (
			);
			name = apfm;
			productName = apfpm;
			productReference = B63EFCCE11A36C7300C90DCE /* apfpm */;
			productType = "com.apple.product-type.tool";
		};
		B63EFE8011A4886C00C90DCE /* newfs_pascal */ = {
			isa = PBXNativeTarget;
			buildConfigurationList = B63EFEB311A488C200C90DCE /* Build configuration list for PBXNativeTarget "newfs_pascal" */;
			buildPhases = (
				B63EFE7E11A4886C00C90DCE /* Sources */,
				B63EFE7F11A4886C00C90DCE /* Frameworks */,
			);
			buildRules = (
			);
			dependencies = (
			);
			name = newfs_pascal;
			productName = newfs_pascal;
			productReference = B63EFE8111A4886C00C90DCE /* newfs_pascal */;
			productType = "com.apple.product-type.tool";
		};
		B656AE0211A84F5800AB578A /* fuse_pascal */ = {
			isa = PBXNativeTarget;
			buildConfigurationList = B656AE3411A84FA400AB578A /* Build configuration list for PBXNativeTarget "fuse_pascal" */;
			buildPhases = (
				B656AE0011A84F5800AB578A /* Sources */,
				B656AE0111A84F5800AB578A /* Frameworks */,
			);
			buildRules = (
			);
			dependencies = (
			);
			name = fuse_pascal;
			productName = fuse_pascal;
			productReference = B656AE0311A84F5800AB578A /* fuse_pascal */;
			productType = "com.apple.product-type.tool";
		};
		B656AF0211AA105500AB578A /* NibbleTest */ = {
			isa = PBXNativeTarget;
			buildConfigurationList = B656AF2111AA10A100AB578A /* Build configuration list for PBXNativeTarget "NibbleTest" */;
			buildPhases = (
				B656AF0011AA105500AB578A /* Sources */,
				B656AF0111AA105500AB578A /* Frameworks */,
			);
			buildRules = (
			);
			dependencies = (
			);
			name = NibbleTest;
			productName = NibbleTest;
			productReference = B656AF0311AA105500AB578A /* NibbleTest */;
			productType = "com.apple.product-type.tool";
		};
		B6F3647F11AB36260045E114 /* xattr */ = {
			isa = PBXNativeTarget;
			buildConfigurationList = B6F3648911AB36590045E114 /* Build configuration list for PBXNativeTarget "xattr" */;
			buildPhases = (
				B6F3647D11AB36260045E114 /* Sources */,
				B6F3647E11AB36260045E114 /* Frameworks */,
			);
			buildRules = (
			);
			dependencies = (
			);
			name = xattr;
			productName = xattr;
			productReference = B6F3648011AB36260045E114 /* xattr */;
			productType = "com.apple.product-type.tool";
		};
		B6F3682411B431AC0045E114 /* newfs_prodos */ = {
			isa = PBXNativeTarget;
			buildConfigurationList = B6F3684111B432000045E114 /* Build configuration list for PBXNativeTarget "newfs_prodos" */;
			buildPhases = (
				B6F3682211B431AC0045E114 /* Sources */,
				B6F3682311B431AC0045E114 /* Frameworks */,
			);
			buildRules = (
			);
			dependencies = (
			);
			name = newfs_prodos;
			productName = newfs_prodos;
			productReference = B6F3682511B431AC0045E114 /* newfs_prodos */;
			productType = "com.apple.product-type.tool";
		};
/* End PBXNativeTarget section */

/* Begin PBXProject section */
		08FB7793FE84155DC02AAC07 /* Project object */ = {
			isa = PBXProject;
			buildConfigurationList = 1DEB923508733DC60010E9CD /* Build configuration list for PBXProject "PROFuseX" */;
			compatibilityVersion = "Xcode 3.1";
			developmentRegion = English;
			hasScannedForEncodings = 1;
			knownRegions = (
				en,
			);
			mainGroup = 08FB7794FE84155DC02AAC07 /* PROFuseX */;
			projectDirPath = "";
			projectRoot = "";
			targets = (
				B63EFCCD11A36C7300C90DCE /* apfm */,
				B63EFE8011A4886C00C90DCE /* newfs_pascal */,
				B656AE0211A84F5800AB578A /* fuse_pascal */,
				B656AF0211AA105500AB578A /* NibbleTest */,
				B6F3647F11AB36260045E114 /* xattr */,
				B6F3682411B431AC0045E114 /* newfs_prodos */,
			);
		};
/* End PBXProject section */

/* Begin PBXSourcesBuildPhase section */
		B63EFCCB11A36C7300C90DCE /* Sources */ = {
			isa = PBXSourcesBuildPhase;
			buildActionMask = 2147483647;
			files = (
				B63EFCD211A36C8B00C90DCE /* Endian.cpp in Sources */,
				B63EFCD311A36C8B00C90DCE /* BlockDevice.cpp in Sources */,
				B63EFCD411A36C8B00C90DCE /* DavexDiskImage.cpp in Sources */,
				B63EFCD511A36C8B00C90DCE /* DiskCopy42Image.cpp in Sources */,
				B63EFCD611A36C8B00C90DCE /* DiskImage.cpp in Sources */,
				B63EFCD711A36C8B00C90DCE /* RawDevice.cpp in Sources */,
				B63EFCD811A36C8B00C90DCE /* UniversalDiskImage.cpp in Sources */,
				B63EFCD911A36C8B00C90DCE /* BlockCache.cpp in Sources */,
				B63EFCDA11A36C8B00C90DCE /* ConcreteBlockCache.cpp in Sources */,
				B63EFCDB11A36C8B00C90DCE /* MappedBlockCache.cpp in Sources */,
				B63EFCDC11A36C8B00C90DCE /* File.cpp in Sources */,
				B63EFCDD11A36C8B00C90DCE /* MappedFile.cpp in Sources */,
				B63EFCDE11A36C8B00C90DCE /* Exception.cpp in Sources */,
				B63EFCDF11A36C8B00C90DCE /* Lock.cpp in Sources */,
				B63EFCE011A36C8B00C90DCE /* Adaptor.cpp in Sources */,
				B63EFCE111A36C8B00C90DCE /* Date.cpp in Sources */,
				B63EFCE211A36C8B00C90DCE /* Entry.cpp in Sources */,
				B63EFCE311A36C8B00C90DCE /* FileEntry.cpp in Sources */,
				B63EFCE511A36C8B00C90DCE /* VolumeEntry.cpp in Sources */,
				B6F3676711B323680045E114 /* TextWriter.cpp in Sources */,
				B6272A9311D5AC440073C73A /* apfm.cpp in Sources */,
			);
			runOnlyForDeploymentPostprocessing = 0;
		};
		B63EFE7E11A4886C00C90DCE /* Sources */ = {
			isa = PBXSourcesBuildPhase;
			buildActionMask = 2147483647;
			files = (
				B63EFE8511A4888500C90DCE /* Endian.cpp in Sources */,
				B63EFE8611A4888500C90DCE /* BlockDevice.cpp in Sources */,
				B63EFE8711A4888500C90DCE /* DavexDiskImage.cpp in Sources */,
				B63EFE8811A4888500C90DCE /* DiskCopy42Image.cpp in Sources */,
				B63EFE8911A4888500C90DCE /* DiskImage.cpp in Sources */,
				B63EFE8A11A4888500C90DCE /* RawDevice.cpp in Sources */,
				B63EFE8B11A4888500C90DCE /* UniversalDiskImage.cpp in Sources */,
				B63EFE8C11A4888500C90DCE /* BlockCache.cpp in Sources */,
				B63EFE8D11A4888500C90DCE /* ConcreteBlockCache.cpp in Sources */,
				B63EFE8E11A4888500C90DCE /* MappedBlockCache.cpp in Sources */,
				B63EFE8F11A4888500C90DCE /* File.cpp in Sources */,
				B63EFE9011A4888500C90DCE /* MappedFile.cpp in Sources */,
				B63EFE9111A4888500C90DCE /* Exception.cpp in Sources */,
				B63EFE9211A4888500C90DCE /* Lock.cpp in Sources */,
				B63EFE9311A4888500C90DCE /* Adaptor.cpp in Sources */,
				B63EFE9411A4888500C90DCE /* Date.cpp in Sources */,
				B63EFE9511A4888500C90DCE /* Entry.cpp in Sources */,
				B63EFE9611A4888500C90DCE /* FileEntry.cpp in Sources */,
				B63EFE9711A4888500C90DCE /* VolumeEntry.cpp in Sources */,
				B6F3676811B323680045E114 /* TextWriter.cpp in Sources */,
				B6272A9611D5AC560073C73A /* newfs_pascal.cpp in Sources */,
			);
			runOnlyForDeploymentPostprocessing = 0;
		};
		B656AE0011A84F5800AB578A /* Sources */ = {
			isa = PBXSourcesBuildPhase;
			buildActionMask = 2147483647;
			files = (
				B656AE0911A84F7700AB578A /* Endian.cpp in Sources */,
				B656AE0A11A84F7700AB578A /* BlockDevice.cpp in Sources */,
				B656AE0B11A84F7700AB578A /* DavexDiskImage.cpp in Sources */,
				B656AE0C11A84F7700AB578A /* DiskCopy42Image.cpp in Sources */,
				B656AE0D11A84F7700AB578A /* DiskImage.cpp in Sources */,
				B656AE0E11A84F7700AB578A /* RawDevice.cpp in Sources */,
				B656AE0F11A84F7700AB578A /* UniversalDiskImage.cpp in Sources */,
				B656AE1011A84F7700AB578A /* BlockCache.cpp in Sources */,
				B656AE1111A84F7700AB578A /* ConcreteBlockCache.cpp in Sources */,
				B656AE1211A84F7700AB578A /* MappedBlockCache.cpp in Sources */,
				B656AE1311A84F7700AB578A /* File.cpp in Sources */,
				B656AE1411A84F7700AB578A /* MappedFile.cpp in Sources */,
				B656AE1511A84F7700AB578A /* Exception.cpp in Sources */,
				B656AE1611A84F7700AB578A /* Lock.cpp in Sources */,
				B656AE1711A84F7700AB578A /* Adaptor.cpp in Sources */,
				B656AE1811A84F7700AB578A /* Date.cpp in Sources */,
				B656AE1911A84F7700AB578A /* Entry.cpp in Sources */,
				B656AE1A11A84F7700AB578A /* FileEntry.cpp in Sources */,
				B656AE1B11A84F7700AB578A /* VolumeEntry.cpp in Sources */,
				B6F3676511B323680045E114 /* TextWriter.cpp in Sources */,
				B6272A9411D5AC4C0073C73A /* fuse_pascal.cpp in Sources */,
				B6272A9511D5AC530073C73A /* fuse_pascal_ops.cpp in Sources */,
			);
			runOnlyForDeploymentPostprocessing = 0;
		};
		B656AF0011AA105500AB578A /* Sources */ = {
			isa = PBXSourcesBuildPhase;
			buildActionMask = 2147483647;
			files = (
				B656AF0911AA106C00AB578A /* Endian.cpp in Sources */,
				B656AF0A11AA106C00AB578A /* BlockDevice.cpp in Sources */,
				B656AF0B11AA106C00AB578A /* DavexDiskImage.cpp in Sources */,
				B656AF0C11AA106C00AB578A /* DiskCopy42Image.cpp in Sources */,
				B656AF0D11AA106C00AB578A /* DiskImage.cpp in Sources */,
				B656AF0E11AA106C00AB578A /* RawDevice.cpp in Sources */,
				B656AF0F11AA106C00AB578A /* UniversalDiskImage.cpp in Sources */,
				B656AF1011AA106C00AB578A /* BlockCache.cpp in Sources */,
				B656AF1111AA106C00AB578A /* ConcreteBlockCache.cpp in Sources */,
				B656AF1211AA106C00AB578A /* MappedBlockCache.cpp in Sources */,
				B656AF1311AA106C00AB578A /* File.cpp in Sources */,
				B656AF1411AA106C00AB578A /* MappedFile.cpp in Sources */,
				B656AF1511AA106C00AB578A /* Exception.cpp in Sources */,
				B656AF1611AA106C00AB578A /* Lock.cpp in Sources */,
				B656AF1711AA106C00AB578A /* Adaptor.cpp in Sources */,
				B656AF1811AA106C00AB578A /* Date.cpp in Sources */,
				B656AF1911AA106C00AB578A /* Entry.cpp in Sources */,
				B656AF1A11AA106C00AB578A /* FileEntry.cpp in Sources */,
				B656AF1B11AA106C00AB578A /* VolumeEntry.cpp in Sources */,
				B656AF0811AA106400AB578A /* NibbleTest.cpp in Sources */,
				B6F3676611B323680045E114 /* TextWriter.cpp in Sources */,
			);
			runOnlyForDeploymentPostprocessing = 0;
		};
		B6F3647D11AB36260045E114 /* Sources */ = {
			isa = PBXSourcesBuildPhase;
			buildActionMask = 2147483647;
			files = (
				B6272A9711D5AC5B0073C73A /* xattr.cpp in Sources */,
			);
			runOnlyForDeploymentPostprocessing = 0;
		};
		B6F3682211B431AC0045E114 /* Sources */ = {
			isa = PBXSourcesBuildPhase;
			buildActionMask = 2147483647;
			files = (
				B6F3682A11B431CC0045E114 /* Endian.cpp in Sources */,
				B6F3682B11B431CC0045E114 /* BlockDevice.cpp in Sources */,
				B6F3682C11B431CC0045E114 /* DavexDiskImage.cpp in Sources */,
				B6F3682D11B431CC0045E114 /* DiskCopy42Image.cpp in Sources */,
				B6F3682E11B431CC0045E114 /* DiskImage.cpp in Sources */,
				B6F3682F11B431CC0045E114 /* RawDevice.cpp in Sources */,
				B6F3683011B431CC0045E114 /* UniversalDiskImage.cpp in Sources */,
				B6F3683111B431CC0045E114 /* BlockCache.cpp in Sources */,
				B6F3683211B431CC0045E114 /* ConcreteBlockCache.cpp in Sources */,
				B6F3683311B431CC0045E114 /* MappedBlockCache.cpp in Sources */,
				B6F3683411B431CC0045E114 /* File.cpp in Sources */,
				B6F3683511B431CC0045E114 /* MappedFile.cpp in Sources */,
				B6F3683611B431CC0045E114 /* Exception.cpp in Sources */,
				B6F3683711B431CC0045E114 /* Lock.cpp in Sources */,
				B6F3683811B431CC0045E114 /* Adaptor.cpp in Sources */,
				B6272AAA11D5AE0C0073C73A /* Bitmap.cpp in Sources */,
				B6272AAB11D5AE0C0073C73A /* DateTime.cpp in Sources */,
			);
			runOnlyForDeploymentPostprocessing = 0;
		};
/* End PBXSourcesBuildPhase section */

/* Begin XCBuildConfiguration section */
		1DEB923608733DC60010E9CD /* Debug */ = {
			isa = XCBuildConfiguration;
			buildSettings = {
				ARCHS = "$(ARCHS_STANDARD_32_64_BIT)";
				GCC_C_LANGUAGE_STANDARD = gnu99;
				GCC_OPTIMIZATION_LEVEL = 0;
				GCC_VERSION = com.apple.compilers.llvm.clang.1_0;
				GCC_WARN_ABOUT_RETURN_TYPE = YES;
				GCC_WARN_UNUSED_VARIABLE = YES;
				HEADER_SEARCH_PATHS = (
					/usr/local/include/,
					.,
				);
				ONLY_ACTIVE_ARCH = YES;
				PREBINDING = NO;
				SDKROOT = macosx;
			};
			name = Debug;
		};
		1DEB923708733DC60010E9CD /* Release */ = {
			isa = XCBuildConfiguration;
			buildSettings = {
				ARCHS = "$(ARCHS_STANDARD_32_64_BIT)";
				GCC_C_LANGUAGE_STANDARD = gnu99;
				GCC_VERSION = com.apple.compilers.llvm.clang.1_0;
				GCC_WARN_ABOUT_RETURN_TYPE = YES;
				GCC_WARN_UNUSED_VARIABLE = YES;
				PREBINDING = NO;
				SDKROOT = macosx;
			};
			name = Release;
		};
		B63EFCD011A36C7300C90DCE /* Debug */ = {
			isa = XCBuildConfiguration;
			buildSettings = {
				ALWAYS_SEARCH_USER_PATHS = NO;
				COPY_PHASE_STRIP = NO;
				GCC_DYNAMIC_NO_PIC = NO;
				GCC_ENABLE_FIX_AND_CONTINUE = YES;
				GCC_MODEL_TUNING = G5;
				GCC_OPTIMIZATION_LEVEL = 0;
				INSTALL_PATH = /usr/local/bin;
				PREBINDING = NO;
				PRODUCT_NAME = apfpm;
			};
			name = Debug;
		};
		B63EFCD111A36C7300C90DCE /* Release */ = {
			isa = XCBuildConfiguration;
			buildSettings = {
				ALWAYS_SEARCH_USER_PATHS = NO;
				COPY_PHASE_STRIP = YES;
				DEBUG_INFORMATION_FORMAT = "dwarf-with-dsym";
				GCC_ENABLE_FIX_AND_CONTINUE = NO;
				GCC_MODEL_TUNING = G5;
				INSTALL_PATH = /usr/local/bin;
				PREBINDING = NO;
				PRODUCT_NAME = apfpm;
				ZERO_LINK = NO;
			};
			name = Release;
		};
		B63EFE8311A4886C00C90DCE /* Debug */ = {
			isa = XCBuildConfiguration;
			buildSettings = {
				ALWAYS_SEARCH_USER_PATHS = NO;
				COPY_PHASE_STRIP = NO;
				GCC_DYNAMIC_NO_PIC = NO;
				GCC_ENABLE_FIX_AND_CONTINUE = YES;
				GCC_MODEL_TUNING = G5;
				GCC_OPTIMIZATION_LEVEL = 0;
				GCC_VERSION = com.apple.compilers.llvm.clang.1_0;
				INSTALL_PATH = /usr/local/bin;
				PREBINDING = NO;
				PRODUCT_NAME = newfs_pascal;
			};
			name = Debug;
		};
		B63EFE8411A4886C00C90DCE /* Release */ = {
			isa = XCBuildConfiguration;
			buildSettings = {
				ALWAYS_SEARCH_USER_PATHS = NO;
				COPY_PHASE_STRIP = YES;
				DEBUG_INFORMATION_FORMAT = "dwarf-with-dsym";
				GCC_ENABLE_FIX_AND_CONTINUE = NO;
				GCC_MODEL_TUNING = G5;
				GCC_VERSION = com.apple.compilers.llvm.clang.1_0;
				INSTALL_PATH = /usr/local/bin;
				PREBINDING = NO;
				PRODUCT_NAME = newfs_pascal;
				ZERO_LINK = NO;
			};
			name = Release;
		};
		B656AD7A11A84B5D00AB578A /* Debug fuse */ = {
			isa = XCBuildConfiguration;
			buildSettings = {
				ARCHS = "$(ARCHS_STANDARD_32_64_BIT)";
				GCC_C_LANGUAGE_STANDARD = gnu99;
				GCC_OPTIMIZATION_LEVEL = 0;
				GCC_VERSION = com.apple.compilers.llvm.clang.1_0;
				GCC_WARN_ABOUT_RETURN_TYPE = YES;
				GCC_WARN_UNUSED_VARIABLE = YES;
				HEADER_SEARCH_PATHS = (
					/usr/local/include/,
					.,
				);
				ONLY_ACTIVE_ARCH = YES;
				PREBINDING = NO;
				SDKROOT = macosx;
			};
			name = "Debug fuse";
		};
		B656AD7C11A84B5D00AB578A /* Debug fuse */ = {
			isa = XCBuildConfiguration;
			buildSettings = {
				ALWAYS_SEARCH_USER_PATHS = NO;
				COPY_PHASE_STRIP = NO;
				GCC_DYNAMIC_NO_PIC = NO;
				GCC_ENABLE_FIX_AND_CONTINUE = YES;
				GCC_MODEL_TUNING = G5;
				GCC_OPTIMIZATION_LEVEL = 0;
				INSTALL_PATH = /usr/local/bin;
				PREBINDING = NO;
				PRODUCT_NAME = apfpm;
			};
			name = "Debug fuse";
		};
		B656AD7D11A84B5D00AB578A /* Debug fuse */ = {
			isa = XCBuildConfiguration;
			buildSettings = {
				ALWAYS_SEARCH_USER_PATHS = NO;
				COPY_PHASE_STRIP = NO;
				GCC_DYNAMIC_NO_PIC = NO;
				GCC_ENABLE_FIX_AND_CONTINUE = YES;
				GCC_MODEL_TUNING = G5;
				GCC_OPTIMIZATION_LEVEL = 0;
				GCC_VERSION = com.apple.compilers.llvm.clang.1_0;
				INSTALL_PATH = /usr/local/bin;
				PREBINDING = NO;
				PRODUCT_NAME = newfs_pascal;
			};
			name = "Debug fuse";
		};
		B656AE0511A84F5900AB578A /* Debug */ = {
			isa = XCBuildConfiguration;
			buildSettings = {
				ALWAYS_SEARCH_USER_PATHS = NO;
				COPY_PHASE_STRIP = NO;
				GCC_DYNAMIC_NO_PIC = NO;
				GCC_ENABLE_FIX_AND_CONTINUE = YES;
				GCC_MODEL_TUNING = G5;
				GCC_OPTIMIZATION_LEVEL = 0;
				INSTALL_PATH = /usr/local/bin;
				PREBINDING = NO;
				PRODUCT_NAME = fuse_pascal;
			};
			name = Debug;
		};
		B656AE0611A84F5900AB578A /* Debug fuse */ = {
			isa = XCBuildConfiguration;
			buildSettings = {
				ALWAYS_SEARCH_USER_PATHS = NO;
				GCC_ENABLE_FIX_AND_CONTINUE = YES;
				GCC_MODEL_TUNING = G5;
				INSTALL_PATH = /usr/local/bin;
				PREBINDING = NO;
				PRODUCT_NAME = fuse_pascal;
			};
			name = "Debug fuse";
		};
		B656AE0711A84F5900AB578A /* Release */ = {
			isa = XCBuildConfiguration;
			buildSettings = {
				ALWAYS_SEARCH_USER_PATHS = NO;
				COPY_PHASE_STRIP = YES;
				DEBUG_INFORMATION_FORMAT = "dwarf-with-dsym";
				GCC_ENABLE_FIX_AND_CONTINUE = NO;
				GCC_MODEL_TUNING = G5;
				INSTALL_PATH = /usr/local/bin;
				PREBINDING = NO;
				PRODUCT_NAME = fuse_pascal;
				ZERO_LINK = NO;
			};
			name = Release;
		};
		B656AF0511AA105600AB578A /* Debug */ = {
			isa = XCBuildConfiguration;
			buildSettings = {
				ALWAYS_SEARCH_USER_PATHS = NO;
				COPY_PHASE_STRIP = NO;
				GCC_DYNAMIC_NO_PIC = NO;
				GCC_ENABLE_FIX_AND_CONTINUE = YES;
				GCC_MODEL_TUNING = G5;
				GCC_OPTIMIZATION_LEVEL = 0;
				INSTALL_PATH = /usr/local/bin;
				PREBINDING = NO;
				PRODUCT_NAME = NibbleTest;
			};
			name = Debug;
		};
		B656AF0611AA105600AB578A /* Debug fuse */ = {
			isa = XCBuildConfiguration;
			buildSettings = {
				ALWAYS_SEARCH_USER_PATHS = NO;
				GCC_ENABLE_FIX_AND_CONTINUE = YES;
				GCC_MODEL_TUNING = G5;
				INSTALL_PATH = /usr/local/bin;
				PREBINDING = NO;
				PRODUCT_NAME = NibbleTest;
			};
			name = "Debug fuse";
		};
		B656AF0711AA105600AB578A /* Release */ = {
			isa = XCBuildConfiguration;
			buildSettings = {
				ALWAYS_SEARCH_USER_PATHS = NO;
				COPY_PHASE_STRIP = YES;
				DEBUG_INFORMATION_FORMAT = "dwarf-with-dsym";
				GCC_ENABLE_FIX_AND_CONTINUE = NO;
				GCC_MODEL_TUNING = G5;
				INSTALL_PATH = /usr/local/bin;
				PREBINDING = NO;
				PRODUCT_NAME = NibbleTest;
				ZERO_LINK = NO;
			};
			name = Release;
		};
		B6F3648211AB36260045E114 /* Debug */ = {
			isa = XCBuildConfiguration;
			buildSettings = {
				ALWAYS_SEARCH_USER_PATHS = NO;
				COPY_PHASE_STRIP = NO;
				GCC_DYNAMIC_NO_PIC = NO;
				GCC_ENABLE_FIX_AND_CONTINUE = YES;
				GCC_MODEL_TUNING = G5;
				GCC_OPTIMIZATION_LEVEL = 0;
				INSTALL_PATH = /usr/local/bin;
				PREBINDING = NO;
				PRODUCT_NAME = xattr;
			};
			name = Debug;
		};
		B6F3648311AB36260045E114 /* Debug fuse */ = {
			isa = XCBuildConfiguration;
			buildSettings = {
				ALWAYS_SEARCH_USER_PATHS = NO;
				GCC_ENABLE_FIX_AND_CONTINUE = YES;
				GCC_MODEL_TUNING = G5;
				INSTALL_PATH = /usr/local/bin;
				PREBINDING = NO;
				PRODUCT_NAME = xattr;
			};
			name = "Debug fuse";
		};
		B6F3648411AB36260045E114 /* Release */ = {
			isa = XCBuildConfiguration;
			buildSettings = {
				ALWAYS_SEARCH_USER_PATHS = NO;
				COPY_PHASE_STRIP = YES;
				DEBUG_INFORMATION_FORMAT = "dwarf-with-dsym";
				GCC_ENABLE_FIX_AND_CONTINUE = NO;
				GCC_MODEL_TUNING = G5;
				INSTALL_PATH = /usr/local/bin;
				PREBINDING = NO;
				PRODUCT_NAME = xattr;
				ZERO_LINK = NO;
			};
			name = Release;
		};
		B6F3682711B431AC0045E114 /* Debug */ = {
			isa = XCBuildConfiguration;
			buildSettings = {
				ALWAYS_SEARCH_USER_PATHS = NO;
				COPY_PHASE_STRIP = NO;
				GCC_DYNAMIC_NO_PIC = NO;
				GCC_ENABLE_FIX_AND_CONTINUE = YES;
				GCC_MODEL_TUNING = G5;
				GCC_OPTIMIZATION_LEVEL = 0;
				INSTALL_PATH = /usr/local/bin;
				PREBINDING = NO;
				PRODUCT_NAME = newfs_prodos;
			};
			name = Debug;
		};
		B6F3682811B431AC0045E114 /* Debug fuse */ = {
			isa = XCBuildConfiguration;
			buildSettings = {
				ALWAYS_SEARCH_USER_PATHS = NO;
				GCC_ENABLE_FIX_AND_CONTINUE = YES;
				GCC_MODEL_TUNING = G5;
				INSTALL_PATH = /usr/local/bin;
				PREBINDING = NO;
				PRODUCT_NAME = newfs_prodos;
			};
			name = "Debug fuse";
		};
		B6F3682911B431AC0045E114 /* Release */ = {
			isa = XCBuildConfiguration;
			buildSettings = {
				ALWAYS_SEARCH_USER_PATHS = NO;
				COPY_PHASE_STRIP = YES;
				DEBUG_INFORMATION_FORMAT = "dwarf-with-dsym";
				GCC_ENABLE_FIX_AND_CONTINUE = NO;
				GCC_MODEL_TUNING = G5;
				INSTALL_PATH = /usr/local/bin;
				PREBINDING = NO;
				PRODUCT_NAME = newfs_prodos;
				ZERO_LINK = NO;
			};
			name = Release;
		};
/* End XCBuildConfiguration section */

/* Begin XCConfigurationList section */
		1DEB923508733DC60010E9CD /* Build configuration list for PBXProject "PROFuseX" */ = {
			isa = XCConfigurationList;
			buildConfigurations = (
				1DEB923608733DC60010E9CD /* Debug */,
				B656AD7A11A84B5D00AB578A /* Debug fuse */,
				1DEB923708733DC60010E9CD /* Release */,
			);
			defaultConfigurationIsVisible = 0;
			defaultConfigurationName = Release;
		};
		B63EFCEC11A36CB800C90DCE /* Build configuration list for PBXNativeTarget "apfm" */ = {
			isa = XCConfigurationList;
			buildConfigurations = (
				B63EFCD011A36C7300C90DCE /* Debug */,
				B656AD7C11A84B5D00AB578A /* Debug fuse */,
				B63EFCD111A36C7300C90DCE /* Release */,
			);
			defaultConfigurationIsVisible = 0;
			defaultConfigurationName = Release;
		};
		B63EFEB311A488C200C90DCE /* Build configuration list for PBXNativeTarget "newfs_pascal" */ = {
			isa = XCConfigurationList;
			buildConfigurations = (
				B63EFE8311A4886C00C90DCE /* Debug */,
				B656AD7D11A84B5D00AB578A /* Debug fuse */,
				B63EFE8411A4886C00C90DCE /* Release */,
			);
			defaultConfigurationIsVisible = 0;
			defaultConfigurationName = Release;
		};
		B656AE3411A84FA400AB578A /* Build configuration list for PBXNativeTarget "fuse_pascal" */ = {
			isa = XCConfigurationList;
			buildConfigurations = (
				B656AE0511A84F5900AB578A /* Debug */,
				B656AE0611A84F5900AB578A /* Debug fuse */,
				B656AE0711A84F5900AB578A /* Release */,
			);
			defaultConfigurationIsVisible = 0;
			defaultConfigurationName = Release;
		};
		B656AF2111AA10A100AB578A /* Build configuration list for PBXNativeTarget "NibbleTest" */ = {
			isa = XCConfigurationList;
			buildConfigurations = (
				B656AF0511AA105600AB578A /* Debug */,
				B656AF0611AA105600AB578A /* Debug fuse */,
				B656AF0711AA105600AB578A /* Release */,
			);
			defaultConfigurationIsVisible = 0;
			defaultConfigurationName = Release;
		};
		B6F3648911AB36590045E114 /* Build configuration list for PBXNativeTarget "xattr" */ = {
			isa = XCConfigurationList;
			buildConfigurations = (
				B6F3648211AB36260045E114 /* Debug */,
				B6F3648311AB36260045E114 /* Debug fuse */,
				B6F3648411AB36260045E114 /* Release */,
			);
			defaultConfigurationIsVisible = 0;
			defaultConfigurationName = Release;
		};
		B6F3684111B432000045E114 /* Build configuration list for PBXNativeTarget "newfs_prodos" */ = {
			isa = XCConfigurationList;
			buildConfigurations = (
				B6F3682711B431AC0045E114 /* Debug */,
				B6F3682811B431AC0045E114 /* Debug fuse */,
				B6F3682911B431AC0045E114 /* Release */,
			);
			defaultConfigurationIsVisible = 0;
			defaultConfigurationName = Release;
		};
/* End XCConfigurationList section */
	};
	rootObject = 08FB7793FE84155DC02AAC07 /* Project object */;
}
