// !$*UTF8*$!
{
	archiveVersion = 1;
	classes = {
	};
	objectVersion = 45;
	objects = {

/* Begin PBXBuildFile section */
		B60E914F0EFB3628000E4348 /* File.cpp in Sources */ = {isa = PBXBuildFile; fileRef = B60E914E0EFB3628000E4348 /* File.cpp */; };
		B60E91550EFB51FE000E4348 /* Disk.cpp in Sources */ = {isa = PBXBuildFile; fileRef = B60E91540EFB51FE000E4348 /* Disk.cpp */; };
		B642F12B0F132FA3001F7696 /* UniversalDiskImage.cpp in Sources */ = {isa = PBXBuildFile; fileRef = B642F12A0F132FA3001F7696 /* UniversalDiskImage.cpp */; };
		B679E4A80F02E79300FB3F0C /* main.cpp in Sources */ = {isa = PBXBuildFile; fileRef = B679E4A70F02E79300FB3F0C /* main.cpp */; };
		B67F097910575F8300A13214 /* DateTime.cpp in Sources */ = {isa = PBXBuildFile; fileRef = B67F097810575F8300A13214 /* DateTime.cpp */; };
		B6B17FA20F1138830060F7AA /* DiskCopy42.cpp in Sources */ = {isa = PBXBuildFile; fileRef = B6B17FA10F1138830060F7AA /* DiskCopy42.cpp */; };
		B6C786B50F2A59FF00053681 /* profuse_xattr.cpp in Sources */ = {isa = PBXBuildFile; fileRef = B6C786B40F2A59FE00053681 /* profuse_xattr.cpp */; };
		B6C786BC0F2A5C0800053681 /* profuse_dirent.cpp in Sources */ = {isa = PBXBuildFile; fileRef = B6C786BB0F2A5C0800053681 /* profuse_dirent.cpp */; };
		B6C786C00F2A5CC000053681 /* profuse_stat.cpp in Sources */ = {isa = PBXBuildFile; fileRef = B6C786BF0F2A5CC000053681 /* profuse_stat.cpp */; };
		B6C786C40F2A5DCE00053681 /* profuse_file.cpp in Sources */ = {isa = PBXBuildFile; fileRef = B6C786C30F2A5DCE00053681 /* profuse_file.cpp */; };
/* End PBXBuildFile section */

/* Begin PBXCopyFilesBuildPhase section */
		8DD76F690486A84900D96B5E /* CopyFiles */ = {
			isa = PBXCopyFilesBuildPhase;
			buildActionMask = 8;
			dstPath = /usr/share/man/man1/;
			dstSubfolderSpec = 0;
			files = (
			);
			runOnlyForDeploymentPostprocessing = 1;
		};
/* End PBXCopyFilesBuildPhase section */

/* Begin PBXFileReference section */
		8DD76F6C0486A84900D96B5E /* profuse */ = {isa = PBXFileReference; explicitFileType = "compiled.mach-o.executable"; includeInIndex = 0; path = profuse; sourceTree = BUILT_PRODUCTS_DIR; };
		B60E914D0EFB3627000E4348 /* File.h */ = {isa = PBXFileReference; fileEncoding = 4; lastKnownFileType = sourcecode.c.h; path = File.h; sourceTree = "<group>"; };
		B60E914E0EFB3628000E4348 /* File.cpp */ = {isa = PBXFileReference; fileEncoding = 4; lastKnownFileType = sourcecode.cpp.cpp; path = File.cpp; sourceTree = "<group>"; };
		B60E91530EFB51FE000E4348 /* Disk.h */ = {isa = PBXFileReference; fileEncoding = 4; lastKnownFileType = sourcecode.c.h; path = Disk.h; sourceTree = "<group>"; };
		B60E91540EFB51FE000E4348 /* Disk.cpp */ = {isa = PBXFileReference; fileEncoding = 4; lastKnownFileType = sourcecode.cpp.cpp; path = Disk.cpp; sourceTree = "<group>"; };
		B60E91580EFD77E3000E4348 /* common.h */ = {isa = PBXFileReference; fileEncoding = 4; lastKnownFileType = sourcecode.c.h; path = common.h; sourceTree = "<group>"; };
		B642F1290F132FA3001F7696 /* UniversalDiskImage.h */ = {isa = PBXFileReference; fileEncoding = 4; lastKnownFileType = sourcecode.c.h; path = UniversalDiskImage.h; sourceTree = "<group>"; };
		B642F12A0F132FA3001F7696 /* UniversalDiskImage.cpp */ = {isa = PBXFileReference; fileEncoding = 4; lastKnownFileType = sourcecode.cpp.cpp; path = UniversalDiskImage.cpp; sourceTree = "<group>"; };
		B679E4A70F02E79300FB3F0C /* main.cpp */ = {isa = PBXFileReference; fileEncoding = 4; lastKnownFileType = sourcecode.cpp.cpp; path = main.cpp; sourceTree = "<group>"; };
		B67F097810575F8300A13214 /* DateTime.cpp */ = {isa = PBXFileReference; fileEncoding = 4; lastKnownFileType = sourcecode.cpp.cpp; path = DateTime.cpp; sourceTree = "<group>"; };
		B67F097A10575FD900A13214 /* DateTime.h */ = {isa = PBXFileReference; fileEncoding = 4; lastKnownFileType = sourcecode.c.h; path = DateTime.h; sourceTree = "<group>"; };
		B6B17FA00F1138830060F7AA /* DiskCopy42.h */ = {isa = PBXFileReference; fileEncoding = 4; lastKnownFileType = sourcecode.c.h; path = DiskCopy42.h; sourceTree = "<group>"; };
		B6B17FA10F1138830060F7AA /* DiskCopy42.cpp */ = {isa = PBXFileReference; fileEncoding = 4; lastKnownFileType = sourcecode.cpp.cpp; path = DiskCopy42.cpp; sourceTree = "<group>"; };
		B6C786B30F2A59AF00053681 /* profuse.h */ = {isa = PBXFileReference; fileEncoding = 4; lastKnownFileType = sourcecode.c.h; path = profuse.h; sourceTree = "<group>"; };
		B6C786B40F2A59FE00053681 /* profuse_xattr.cpp */ = {isa = PBXFileReference; fileEncoding = 4; lastKnownFileType = sourcecode.cpp.cpp; path = profuse_xattr.cpp; sourceTree = "<group>"; };
		B6C786BB0F2A5C0800053681 /* profuse_dirent.cpp */ = {isa = PBXFileReference; fileEncoding = 4; lastKnownFileType = sourcecode.cpp.cpp; path = profuse_dirent.cpp; sourceTree = "<group>"; };
		B6C786BF0F2A5CC000053681 /* profuse_stat.cpp */ = {isa = PBXFileReference; fileEncoding = 4; lastKnownFileType = sourcecode.cpp.cpp; path = profuse_stat.cpp; sourceTree = "<group>"; };
		B6C786C30F2A5DCE00053681 /* profuse_file.cpp */ = {isa = PBXFileReference; fileEncoding = 4; lastKnownFileType = sourcecode.cpp.cpp; path = profuse_file.cpp; sourceTree = "<group>"; };
		B6DBB4E70F0C6BBD00F385F2 /* profuse.1 */ = {isa = PBXFileReference; fileEncoding = 4; lastKnownFileType = text.man; path = profuse.1; sourceTree = "<group>"; };
/* End PBXFileReference section */

/* Begin PBXFrameworksBuildPhase section */
		8DD76F660486A84900D96B5E /* Frameworks */ = {
			isa = PBXFrameworksBuildPhase;
			buildActionMask = 2147483647;
			files = (
			);
			runOnlyForDeploymentPostprocessing = 0;
		};
/* End PBXFrameworksBuildPhase section */

/* Begin PBXGroup section */
		08FB7794FE84155DC02AAC07 /* ProDOS-Fuse */ = {
			isa = PBXGroup;
			children = (
				08FB7795FE84155DC02AAC07 /* Source */,
				C6859E8C029090F304C91782 /* Documentation */,
				1AB674ADFE9D54B511CA2CBB /* Products */,
				B679E49D0F02E71D00FB3F0C /* Libraries */,
			);
			name = "ProDOS-Fuse";
			sourceTree = "<group>";
		};
		08FB7795FE84155DC02AAC07 /* Source */ = {
			isa = PBXGroup;
			children = (
				B67F097810575F8300A13214 /* DateTime.cpp */,
				B67F097A10575FD900A13214 /* DateTime.h */,
				B642F1290F132FA3001F7696 /* UniversalDiskImage.h */,
				B642F12A0F132FA3001F7696 /* UniversalDiskImage.cpp */,
				B60E91580EFD77E3000E4348 /* common.h */,
				B60E91530EFB51FE000E4348 /* Disk.h */,
				B60E91540EFB51FE000E4348 /* Disk.cpp */,
				B60E914D0EFB3627000E4348 /* File.h */,
				B60E914E0EFB3628000E4348 /* File.cpp */,
				B679E4A70F02E79300FB3F0C /* main.cpp */,
				B6B17FA00F1138830060F7AA /* DiskCopy42.h */,
				B6B17FA10F1138830060F7AA /* DiskCopy42.cpp */,
				B6C786B30F2A59AF00053681 /* profuse.h */,
				B6C786BB0F2A5C0800053681 /* profuse_dirent.cpp */,
				B6C786C30F2A5DCE00053681 /* profuse_file.cpp */,
				B6C786BF0F2A5CC000053681 /* profuse_stat.cpp */,
				B6C786B40F2A59FE00053681 /* profuse_xattr.cpp */,
			);
			name = Source;
			sourceTree = "<group>";
		};
		1AB674ADFE9D54B511CA2CBB /* Products */ = {
			isa = PBXGroup;
			children = (
				8DD76F6C0486A84900D96B5E /* profuse */,
			);
			name = Products;
			sourceTree = "<group>";
		};
		B679E49D0F02E71D00FB3F0C /* Libraries */ = {
			isa = PBXGroup;
			children = (
			);
			name = Libraries;
			sourceTree = "<group>";
		};
		C6859E8C029090F304C91782 /* Documentation */ = {
			isa = PBXGroup;
			children = (
				B6DBB4E70F0C6BBD00F385F2 /* profuse.1 */,
			);
			name = Documentation;
			sourceTree = "<group>";
		};
/* End PBXGroup section */

/* Begin PBXNativeTarget section */
		8DD76F620486A84900D96B5E /* profuse */ = {
			isa = PBXNativeTarget;
			buildConfigurationList = 1DEB923108733DC60010E9CD /* Build configuration list for PBXNativeTarget "profuse" */;
			buildPhases = (
				8DD76F640486A84900D96B5E /* Sources */,
				8DD76F660486A84900D96B5E /* Frameworks */,
				8DD76F690486A84900D96B5E /* CopyFiles */,
			);
			buildRules = (
			);
			dependencies = (
			);
			name = profuse;
			productInstallPath = "$(HOME)/bin";
			productName = "ProDOS-Fuse";
			productReference = 8DD76F6C0486A84900D96B5E /* profuse */;
			productType = "com.apple.product-type.tool";
		};
/* End PBXNativeTarget section */

/* Begin PBXProject section */
		08FB7793FE84155DC02AAC07 /* Project object */ = {
			isa = PBXProject;
			buildConfigurationList = 1DEB923508733DC60010E9CD /* Build configuration list for PBXProject "profuse" */;
			compatibilityVersion = "Xcode 3.1";
			hasScannedForEncodings = 1;
			mainGroup = 08FB7794FE84155DC02AAC07 /* ProDOS-Fuse */;
			projectDirPath = "";
			projectRoot = "";
			targets = (
				8DD76F620486A84900D96B5E /* profuse */,
			);
		};
/* End PBXProject section */

/* Begin PBXSourcesBuildPhase section */
		8DD76F640486A84900D96B5E /* Sources */ = {
			isa = PBXSourcesBuildPhase;
			buildActionMask = 2147483647;
			files = (
				B60E914F0EFB3628000E4348 /* File.cpp in Sources */,
				B60E91550EFB51FE000E4348 /* Disk.cpp in Sources */,
				B679E4A80F02E79300FB3F0C /* main.cpp in Sources */,
				B6B17FA20F1138830060F7AA /* DiskCopy42.cpp in Sources */,
				B642F12B0F132FA3001F7696 /* UniversalDiskImage.cpp in Sources */,
				B6C786B50F2A59FF00053681 /* profuse_xattr.cpp in Sources */,
				B6C786BC0F2A5C0800053681 /* profuse_dirent.cpp in Sources */,
				B6C786C00F2A5CC000053681 /* profuse_stat.cpp in Sources */,
				B6C786C40F2A5DCE00053681 /* profuse_file.cpp in Sources */,
				B67F097910575F8300A13214 /* DateTime.cpp in Sources */,
			);
			runOnlyForDeploymentPostprocessing = 0;
		};
/* End PBXSourcesBuildPhase section */

/* Begin XCBuildConfiguration section */
		1DEB923208733DC60010E9CD /* Debug */ = {
			isa = XCBuildConfiguration;
			buildSettings = {
				ALWAYS_SEARCH_USER_PATHS = NO;
				COPY_PHASE_STRIP = NO;
				GCC_DYNAMIC_NO_PIC = NO;
				GCC_ENABLE_FIX_AND_CONTINUE = YES;
				GCC_MODEL_TUNING = G5;
				GCC_OPTIMIZATION_LEVEL = 0;
				GCC_PREPROCESSOR_DEFINITIONS = (
					"_GLIBCXX_DEBUG=1",
					"_GLIBCXX_DEBUG_PEDANTIC=1",
				);
				INSTALL_PATH = /usr/local/bin;
				PRODUCT_NAME = profuse;
			};
			name = Debug;
		};
		1DEB923308733DC60010E9CD /* Release */ = {
			isa = XCBuildConfiguration;
			buildSettings = {
				ALWAYS_SEARCH_USER_PATHS = NO;
				DEBUG_INFORMATION_FORMAT = "dwarf-with-dsym";
				GCC_MODEL_TUNING = G5;
				INSTALL_PATH = /usr/local/bin;
				PRODUCT_NAME = "ProDOS-Fuse";
			};
			name = Release;
		};
		1DEB923608733DC60010E9CD /* Debug */ = {
			isa = XCBuildConfiguration;
			buildSettings = {
				ARCHS = "$(ARCHS_STANDARD_32_BIT)";
				GCC_C_LANGUAGE_STANDARD = c99;
				GCC_OPTIMIZATION_LEVEL = 0;
				GCC_PREPROCESSOR_DEFINITIONS = "";
				GCC_WARN_ABOUT_RETURN_TYPE = YES;
				GCC_WARN_UNUSED_VARIABLE = YES;
				HEADER_SEARCH_PATHS = /usr/local/include/fuse;
				ONLY_ACTIVE_ARCH = YES;
				OTHER_CFLAGS = (
					"-D__FreeBSD__=10",
					"-D_FILE_OFFSET_BITS=64",
					"-D__DARWIN_64_BIT_INO_T=1",
					"-DHAVE_STAT_BIRTHTIME",
				);
				OTHER_LDFLAGS = (
					"-L/usr/local/lib/",
					"-lfuse_ino64",
				);
				PREBINDING = NO;
				SDKROOT = macosx10.5;
			};
			name = Debug;
		};
		1DEB923708733DC60010E9CD /* Release */ = {
			isa = XCBuildConfiguration;
			buildSettings = {
				ARCHS = "$(ARCHS_STANDARD_32_BIT)";
				GCC_C_LANGUAGE_STANDARD = c99;
				GCC_WARN_ABOUT_RETURN_TYPE = YES;
				GCC_WARN_UNUSED_VARIABLE = YES;
				PREBINDING = NO;
				SDKROOT = macosx10.5;
			};
			name = Release;
		};
		B618461A0F0AF6CC0045CCF7 /* Debug Universal */ = {
			isa = XCBuildConfiguration;
			buildSettings = {
				ARCHS = "$(ARCHS_STANDARD_32_64_BIT)";
				GCC_C_LANGUAGE_STANDARD = c99;
				GCC_OPTIMIZATION_LEVEL = 0;
				GCC_PREPROCESSOR_DEFINITIONS = "";
				GCC_WARN_ABOUT_RETURN_TYPE = YES;
				GCC_WARN_UNUSED_VARIABLE = YES;
				HEADER_SEARCH_PATHS = /usr/local/include/fuse;
				ONLY_ACTIVE_ARCH = NO;
				OTHER_CFLAGS = (
					"-D__FreeBSD__=10",
					"-D_FILE_OFFSET_BITS=64",
					"-D__DARWIN_64_BIT_INO_T=1",
					"-DHAVE_STAT_BIRTHTIME",
				);
				OTHER_LDFLAGS = (
					"-L/usr/local/lib/",
					"-lfuse_ino64",
				);
				PREBINDING = NO;
				SDKROOT = macosx10.5;
			};
			name = "Debug Universal";
		};
		B618461B0F0AF6CC0045CCF7 /* Debug Universal */ = {
			isa = XCBuildConfiguration;
			buildSettings = {
				ALWAYS_SEARCH_USER_PATHS = NO;
				COPY_PHASE_STRIP = NO;
				GCC_DYNAMIC_NO_PIC = NO;
				GCC_ENABLE_FIX_AND_CONTINUE = YES;
				GCC_MODEL_TUNING = G5;
				GCC_OPTIMIZATION_LEVEL = 0;
				GCC_PREPROCESSOR_DEFINITIONS = (
					"_GLIBCXX_DEBUG=1",
					"_GLIBCXX_DEBUG_PEDANTIC=1",
				);
				INSTALL_PATH = /usr/local/bin;
				PRODUCT_NAME = profuse;
			};
			name = "Debug Universal";
		};
		B67F09801057600400A13214 /* Debug 10.6 */ = {
			isa = XCBuildConfiguration;
			buildSettings = {
				ARCHS = "$(ARCHS_STANDARD_32_64_BIT)";
				GCC_C_LANGUAGE_STANDARD = c99;
				GCC_OPTIMIZATION_LEVEL = 0;
				GCC_PREPROCESSOR_DEFINITIONS = "";
				GCC_WARN_ABOUT_RETURN_TYPE = YES;
				GCC_WARN_UNUSED_VARIABLE = YES;
				HEADER_SEARCH_PATHS = /usr/local/include/fuse;
				ONLY_ACTIVE_ARCH = NO;
				OTHER_CFLAGS = (
					"-D__FreeBSD__=10",
					"-D_FILE_OFFSET_BITS=64",
					"-D__DARWIN_64_BIT_INO_T=1",
					"-DHAVE_STAT_BIRTHTIME",
				);
				OTHER_LDFLAGS = (
					"-L/usr/local/lib/",
					"-lfuse_ino64",
				);
				PREBINDING = NO;
				SDKROOT = macosx10.6;
				VALID_ARCHS = "i386 x86_64";
			};
			name = "Debug 10.6";
		};
		B67F09811057600400A13214 /* Debug 10.6 */ = {
			isa = XCBuildConfiguration;
			buildSettings = {
				ALWAYS_SEARCH_USER_PATHS = NO;
				COPY_PHASE_STRIP = NO;
				GCC_DYNAMIC_NO_PIC = NO;
				GCC_ENABLE_FIX_AND_CONTINUE = YES;
				GCC_MODEL_TUNING = G5;
				GCC_OPTIMIZATION_LEVEL = 0;
				GCC_PREPROCESSOR_DEFINITIONS = (
					"_GLIBCXX_DEBUG=1",
					"_GLIBCXX_DEBUG_PEDANTIC=1",
				);
				INSTALL_PATH = /usr/local/bin;
				PRODUCT_NAME = profuse;
			};
			name = "Debug 10.6";
		};
		B6B767C10F0FF90400D819C9 /* Debug Universal 10.4 */ = {
			isa = XCBuildConfiguration;
			buildSettings = {
				ARCHS = "$(ARCHS_STANDARD_32_BIT)";
				GCC_C_LANGUAGE_STANDARD = c99;
				GCC_OPTIMIZATION_LEVEL = 0;
				GCC_PREPROCESSOR_DEFINITIONS = "";
				GCC_WARN_ABOUT_RETURN_TYPE = YES;
				GCC_WARN_UNUSED_VARIABLE = YES;
				HEADER_SEARCH_PATHS = /usr/local/include/fuse;
				ONLY_ACTIVE_ARCH = NO;
				OTHER_CFLAGS = (
					"-D__FreeBSD__=10",
					"-D_FILE_OFFSET_BITS=64",
				);
				OTHER_LDFLAGS = (
					"-L/usr/local/lib/",
					"-lfuse",
				);
				PREBINDING = NO;
				SDKROOT = macosx10.4;
			};
			name = "Debug Universal 10.4";
		};
		B6B767C20F0FF90400D819C9 /* Debug Universal 10.4 */ = {
			isa = XCBuildConfiguration;
			buildSettings = {
				ALWAYS_SEARCH_USER_PATHS = NO;
				COPY_PHASE_STRIP = NO;
				GCC_DYNAMIC_NO_PIC = NO;
				GCC_ENABLE_FIX_AND_CONTINUE = YES;
				GCC_MODEL_TUNING = G5;
				GCC_OPTIMIZATION_LEVEL = 0;
				GCC_PREPROCESSOR_DEFINITIONS = (
					"_GLIBCXX_DEBUG=1",
					"_GLIBCXX_DEBUG_PEDANTIC=1",
				);
				INSTALL_PATH = /usr/local/bin;
				PRODUCT_NAME = profuse;
			};
			name = "Debug Universal 10.4";
		};
/* End XCBuildConfiguration section */

/* Begin XCConfigurationList section */
		1DEB923108733DC60010E9CD /* Build configuration list for PBXNativeTarget "profuse" */ = {
			isa = XCConfigurationList;
			buildConfigurations = (
				1DEB923208733DC60010E9CD /* Debug */,
				B67F09811057600400A13214 /* Debug 10.6 */,
				B618461B0F0AF6CC0045CCF7 /* Debug Universal */,
				B6B767C20F0FF90400D819C9 /* Debug Universal 10.4 */,
				1DEB923308733DC60010E9CD /* Release */,
			);
			defaultConfigurationIsVisible = 0;
			defaultConfigurationName = Release;
		};
		1DEB923508733DC60010E9CD /* Build configuration list for PBXProject "profuse" */ = {
			isa = XCConfigurationList;
			buildConfigurations = (
				1DEB923608733DC60010E9CD /* Debug */,
				B67F09801057600400A13214 /* Debug 10.6 */,
				B618461A0F0AF6CC0045CCF7 /* Debug Universal */,
				B6B767C10F0FF90400D819C9 /* Debug Universal 10.4 */,
				1DEB923708733DC60010E9CD /* Release */,
			);
			defaultConfigurationIsVisible = 0;
			defaultConfigurationName = Release;
		};
/* End XCConfigurationList section */
	};
	rootObject = 08FB7793FE84155DC02AAC07 /* Project object */;
}
